
Microsoft Visual Studio Solution File, Format Version 12.00
# Visual Studio 15
VisualStudioVersion = 15.0.27004.2010
MinimumVisualStudioVersion = 10.0.40219.1
Project("{FAE04EC0-301F-11D3-BF4B-00C04F79EFBC}") = "FormsEmbedding", "FormsEmbedding\FormsEmbedding\FormsEmbedding.csproj", "{573295DB-2113-4A6B-A453-ACB5815DD03E}"
EndProject
Project("{FAE04EC0-301F-11D3-BF4B-00C04F79EFBC}") = "FormsEmbedding.Android", "FormsEmbedding\FormsEmbedding.Android\FormsEmbedding.Android.csproj", "{0BF804E5-77E6-40F1-9586-F415EE758EF7}"
EndProject
Project("{FAE04EC0-301F-11D3-BF4B-00C04F79EFBC}") = "FormsEmbedding.UWP", "FormsEmbedding\FormsEmbedding.UWP\FormsEmbedding.UWP.csproj", "{C0BD2DFB-A586-417A-BF1B-1128F19D87DD}"
EndProject
Project("{FAE04EC0-301F-11D3-BF4B-00C04F79EFBC}") = "FormsEmbedding.iOS", "FormsEmbedding\FormsEmbedding.iOS\FormsEmbedding.iOS.csproj", "{E8EF8230-7122-47DE-B304-15B999690DAD}"
EndProject
Global
	GlobalSection(SolutionConfigurationPlatforms) = preSolution
		Ad-Hoc|Any CPU = Ad-Hoc|Any CPU
		Ad-Hoc|ARM = Ad-Hoc|ARM
		Ad-Hoc|iPhone = Ad-Hoc|iPhone
		Ad-Hoc|iPhoneSimulator = Ad-Hoc|iPhoneSimulator
		Ad-Hoc|x64 = Ad-Hoc|x64
		Ad-Hoc|x86 = Ad-Hoc|x86
		AppStore|Any CPU = AppStore|Any CPU
		AppStore|ARM = AppStore|ARM
		AppStore|iPhone = AppStore|iPhone
		AppStore|iPhoneSimulator = AppStore|iPhoneSimulator
		AppStore|x64 = AppStore|x64
		AppStore|x86 = AppStore|x86
		Debug|Any CPU = Debug|Any CPU
		Debug|ARM = Debug|ARM
		Debug|iPhone = Debug|iPhone
		Debug|iPhoneSimulator = Debug|iPhoneSimulator
		Debug|x64 = Debug|x64
		Debug|x86 = Debug|x86
		Release|Any CPU = Release|Any CPU
		Release|ARM = Release|ARM
		Release|iPhone = Release|iPhone
		Release|iPhoneSimulator = Release|iPhoneSimulator
		Release|x64 = Release|x64
		Release|x86 = Release|x86
	EndGlobalSection
	GlobalSection(ProjectConfigurationPlatforms) = postSolution
		{573295DB-2113-4A6B-A453-ACB5815DD03E}.Ad-Hoc|Any CPU.ActiveCfg = Release|Any CPU
		{573295DB-2113-4A6B-A453-ACB5815DD03E}.Ad-Hoc|Any CPU.Build.0 = Release|Any CPU
		{573295DB-2113-4A6B-A453-ACB5815DD03E}.Ad-Hoc|ARM.ActiveCfg = Release|Any CPU
		{573295DB-2113-4A6B-A453-ACB5815DD03E}.Ad-Hoc|ARM.Build.0 = Release|Any CPU
		{573295DB-2113-4A6B-A453-ACB5815DD03E}.Ad-Hoc|iPhone.ActiveCfg = Release|Any CPU
		{573295DB-2113-4A6B-A453-ACB5815DD03E}.Ad-Hoc|iPhone.Build.0 = Release|Any CPU
		{573295DB-2113-4A6B-A453-ACB5815DD03E}.Ad-Hoc|iPhoneSimulator.ActiveCfg = Release|Any CPU
		{573295DB-2113-4A6B-A453-ACB5815DD03E}.Ad-Hoc|iPhoneSimulator.Build.0 = Release|Any CPU
		{573295DB-2113-4A6B-A453-ACB5815DD03E}.Ad-Hoc|x64.ActiveCfg = Release|Any CPU
		{573295DB-2113-4A6B-A453-ACB5815DD03E}.Ad-Hoc|x64.Build.0 = Release|Any CPU
		{573295DB-2113-4A6B-A453-ACB5815DD03E}.Ad-Hoc|x86.ActiveCfg = Release|Any CPU
		{573295DB-2113-4A6B-A453-ACB5815DD03E}.Ad-Hoc|x86.Build.0 = Release|Any CPU
		{573295DB-2113-4A6B-A453-ACB5815DD03E}.AppStore|Any CPU.ActiveCfg = Release|Any CPU
		{573295DB-2113-4A6B-A453-ACB5815DD03E}.AppStore|Any CPU.Build.0 = Release|Any CPU
		{573295DB-2113-4A6B-A453-ACB5815DD03E}.AppStore|ARM.ActiveCfg = Release|Any CPU
		{573295DB-2113-4A6B-A453-ACB5815DD03E}.AppStore|ARM.Build.0 = Release|Any CPU
		{573295DB-2113-4A6B-A453-ACB5815DD03E}.AppStore|iPhone.ActiveCfg = Release|Any CPU
		{573295DB-2113-4A6B-A453-ACB5815DD03E}.AppStore|iPhone.Build.0 = Release|Any CPU
		{573295DB-2113-4A6B-A453-ACB5815DD03E}.AppStore|iPhoneSimulator.ActiveCfg = Release|Any CPU
		{573295DB-2113-4A6B-A453-ACB5815DD03E}.AppStore|iPhoneSimulator.Build.0 = Release|Any CPU
		{573295DB-2113-4A6B-A453-ACB5815DD03E}.AppStore|x64.ActiveCfg = Release|Any CPU
		{573295DB-2113-4A6B-A453-ACB5815DD03E}.AppStore|x64.Build.0 = Release|Any CPU
		{573295DB-2113-4A6B-A453-ACB5815DD03E}.AppStore|x86.ActiveCfg = Release|Any CPU
		{573295DB-2113-4A6B-A453-ACB5815DD03E}.AppStore|x86.Build.0 = Release|Any CPU
		{573295DB-2113-4A6B-A453-ACB5815DD03E}.Debug|Any CPU.ActiveCfg = Debug|Any CPU
		{573295DB-2113-4A6B-A453-ACB5815DD03E}.Debug|Any CPU.Build.0 = Debug|Any CPU
		{573295DB-2113-4A6B-A453-ACB5815DD03E}.Debug|ARM.ActiveCfg = Debug|Any CPU
		{573295DB-2113-4A6B-A453-ACB5815DD03E}.Debug|ARM.Build.0 = Debug|Any CPU
		{573295DB-2113-4A6B-A453-ACB5815DD03E}.Debug|iPhone.ActiveCfg = Debug|Any CPU
		{573295DB-2113-4A6B-A453-ACB5815DD03E}.Debug|iPhone.Build.0 = Debug|Any CPU
		{573295DB-2113-4A6B-A453-ACB5815DD03E}.Debug|iPhoneSimulator.ActiveCfg = Debug|Any CPU
		{573295DB-2113-4A6B-A453-ACB5815DD03E}.Debug|iPhoneSimulator.Build.0 = Debug|Any CPU
		{573295DB-2113-4A6B-A453-ACB5815DD03E}.Debug|x64.ActiveCfg = Debug|Any CPU
		{573295DB-2113-4A6B-A453-ACB5815DD03E}.Debug|x64.Build.0 = Debug|Any CPU
		{573295DB-2113-4A6B-A453-ACB5815DD03E}.Debug|x86.ActiveCfg = Debug|Any CPU
		{573295DB-2113-4A6B-A453-ACB5815DD03E}.Debug|x86.Build.0 = Debug|Any CPU
		{573295DB-2113-4A6B-A453-ACB5815DD03E}.Release|Any CPU.ActiveCfg = Release|Any CPU
		{573295DB-2113-4A6B-A453-ACB5815DD03E}.Release|Any CPU.Build.0 = Release|Any CPU
		{573295DB-2113-4A6B-A453-ACB5815DD03E}.Release|ARM.ActiveCfg = Release|Any CPU
		{573295DB-2113-4A6B-A453-ACB5815DD03E}.Release|ARM.Build.0 = Release|Any CPU
		{573295DB-2113-4A6B-A453-ACB5815DD03E}.Release|iPhone.ActiveCfg = Release|Any CPU
		{573295DB-2113-4A6B-A453-ACB5815DD03E}.Release|iPhone.Build.0 = Release|Any CPU
		{573295DB-2113-4A6B-A453-ACB5815DD03E}.Release|iPhoneSimulator.ActiveCfg = Release|Any CPU
		{573295DB-2113-4A6B-A453-ACB5815DD03E}.Release|iPhoneSimulator.Build.0 = Release|Any CPU
		{573295DB-2113-4A6B-A453-ACB5815DD03E}.Release|x64.ActiveCfg = Release|Any CPU
		{573295DB-2113-4A6B-A453-ACB5815DD03E}.Release|x64.Build.0 = Release|Any CPU
		{573295DB-2113-4A6B-A453-ACB5815DD03E}.Release|x86.ActiveCfg = Release|Any CPU
		{573295DB-2113-4A6B-A453-ACB5815DD03E}.Release|x86.Build.0 = Release|Any CPU
		{0BF804E5-77E6-40F1-9586-F415EE758EF7}.Ad-Hoc|Any CPU.ActiveCfg = Release|Any CPU
		{0BF804E5-77E6-40F1-9586-F415EE758EF7}.Ad-Hoc|Any CPU.Build.0 = Release|Any CPU
		{0BF804E5-77E6-40F1-9586-F415EE758EF7}.Ad-Hoc|Any CPU.Deploy.0 = Release|Any CPU
		{0BF804E5-77E6-40F1-9586-F415EE758EF7}.Ad-Hoc|ARM.ActiveCfg = Release|Any CPU
		{0BF804E5-77E6-40F1-9586-F415EE758EF7}.Ad-Hoc|ARM.Build.0 = Release|Any CPU
		{0BF804E5-77E6-40F1-9586-F415EE758EF7}.Ad-Hoc|ARM.Deploy.0 = Release|Any CPU
		{0BF804E5-77E6-40F1-9586-F415EE758EF7}.Ad-Hoc|iPhone.ActiveCfg = Release|Any CPU
		{0BF804E5-77E6-40F1-9586-F415EE758EF7}.Ad-Hoc|iPhone.Build.0 = Release|Any CPU
		{0BF804E5-77E6-40F1-9586-F415EE758EF7}.Ad-Hoc|iPhone.Deploy.0 = Release|Any CPU
		{0BF804E5-77E6-40F1-9586-F415EE758EF7}.Ad-Hoc|iPhoneSimulator.ActiveCfg = Release|Any CPU
		{0BF804E5-77E6-40F1-9586-F415EE758EF7}.Ad-Hoc|iPhoneSimulator.Build.0 = Release|Any CPU
		{0BF804E5-77E6-40F1-9586-F415EE758EF7}.Ad-Hoc|iPhoneSimulator.Deploy.0 = Release|Any CPU
		{0BF804E5-77E6-40F1-9586-F415EE758EF7}.Ad-Hoc|x64.ActiveCfg = Release|Any CPU
		{0BF804E5-77E6-40F1-9586-F415EE758EF7}.Ad-Hoc|x64.Build.0 = Release|Any CPU
		{0BF804E5-77E6-40F1-9586-F415EE758EF7}.Ad-Hoc|x64.Deploy.0 = Release|Any CPU
		{0BF804E5-77E6-40F1-9586-F415EE758EF7}.Ad-Hoc|x86.ActiveCfg = Release|Any CPU
		{0BF804E5-77E6-40F1-9586-F415EE758EF7}.Ad-Hoc|x86.Build.0 = Release|Any CPU
		{0BF804E5-77E6-40F1-9586-F415EE758EF7}.Ad-Hoc|x86.Deploy.0 = Release|Any CPU
		{0BF804E5-77E6-40F1-9586-F415EE758EF7}.AppStore|Any CPU.ActiveCfg = Release|Any CPU
		{0BF804E5-77E6-40F1-9586-F415EE758EF7}.AppStore|Any CPU.Build.0 = Release|Any CPU
		{0BF804E5-77E6-40F1-9586-F415EE758EF7}.AppStore|Any CPU.Deploy.0 = Release|Any CPU
		{0BF804E5-77E6-40F1-9586-F415EE758EF7}.AppStore|ARM.ActiveCfg = Release|Any CPU
		{0BF804E5-77E6-40F1-9586-F415EE758EF7}.AppStore|ARM.Build.0 = Release|Any CPU
		{0BF804E5-77E6-40F1-9586-F415EE758EF7}.AppStore|ARM.Deploy.0 = Release|Any CPU
		{0BF804E5-77E6-40F1-9586-F415EE758EF7}.AppStore|iPhone.ActiveCfg = Release|Any CPU
		{0BF804E5-77E6-40F1-9586-F415EE758EF7}.AppStore|iPhone.Build.0 = Release|Any CPU
		{0BF804E5-77E6-40F1-9586-F415EE758EF7}.AppStore|iPhone.Deploy.0 = Release|Any CPU
		{0BF804E5-77E6-40F1-9586-F415EE758EF7}.AppStore|iPhoneSimulator.ActiveCfg = Release|Any CPU
		{0BF804E5-77E6-40F1-9586-F415EE758EF7}.AppStore|iPhoneSimulator.Build.0 = Release|Any CPU
		{0BF804E5-77E6-40F1-9586-F415EE758EF7}.AppStore|iPhoneSimulator.Deploy.0 = Release|Any CPU
		{0BF804E5-77E6-40F1-9586-F415EE758EF7}.AppStore|x64.ActiveCfg = Release|Any CPU
		{0BF804E5-77E6-40F1-9586-F415EE758EF7}.AppStore|x64.Build.0 = Release|Any CPU
		{0BF804E5-77E6-40F1-9586-F415EE758EF7}.AppStore|x64.Deploy.0 = Release|Any CPU
		{0BF804E5-77E6-40F1-9586-F415EE758EF7}.AppStore|x86.ActiveCfg = Release|Any CPU
		{0BF804E5-77E6-40F1-9586-F415EE758EF7}.AppStore|x86.Build.0 = Release|Any CPU
		{0BF804E5-77E6-40F1-9586-F415EE758EF7}.AppStore|x86.Deploy.0 = Release|Any CPU
		{0BF804E5-77E6-40F1-9586-F415EE758EF7}.Debug|Any CPU.ActiveCfg = Debug|Any CPU
		{0BF804E5-77E6-40F1-9586-F415EE758EF7}.Debug|Any CPU.Build.0 = Debug|Any CPU
		{0BF804E5-77E6-40F1-9586-F415EE758EF7}.Debug|Any CPU.Deploy.0 = Debug|Any CPU
		{0BF804E5-77E6-40F1-9586-F415EE758EF7}.Debug|ARM.ActiveCfg = Debug|Any CPU
		{0BF804E5-77E6-40F1-9586-F415EE758EF7}.Debug|ARM.Build.0 = Debug|Any CPU
		{0BF804E5-77E6-40F1-9586-F415EE758EF7}.Debug|ARM.Deploy.0 = Debug|Any CPU
		{0BF804E5-77E6-40F1-9586-F415EE758EF7}.Debug|iPhone.ActiveCfg = Debug|Any CPU
		{0BF804E5-77E6-40F1-9586-F415EE758EF7}.Debug|iPhone.Build.0 = Debug|Any CPU
		{0BF804E5-77E6-40F1-9586-F415EE758EF7}.Debug|iPhone.Deploy.0 = Debug|Any CPU
		{0BF804E5-77E6-40F1-9586-F415EE758EF7}.Debug|iPhoneSimulator.ActiveCfg = Debug|Any CPU
		{0BF804E5-77E6-40F1-9586-F415EE758EF7}.Debug|iPhoneSimulator.Build.0 = Debug|Any CPU
		{0BF804E5-77E6-40F1-9586-F415EE758EF7}.Debug|iPhoneSimulator.Deploy.0 = Debug|Any CPU
		{0BF804E5-77E6-40F1-9586-F415EE758EF7}.Debug|x64.ActiveCfg = Debug|Any CPU
		{0BF804E5-77E6-40F1-9586-F415EE758EF7}.Debug|x64.Build.0 = Debug|Any CPU
		{0BF804E5-77E6-40F1-9586-F415EE758EF7}.Debug|x64.Deploy.0 = Debug|Any CPU
		{0BF804E5-77E6-40F1-9586-F415EE758EF7}.Debug|x86.ActiveCfg = Debug|Any CPU
		{0BF804E5-77E6-40F1-9586-F415EE758EF7}.Debug|x86.Build.0 = Debug|Any CPU
		{0BF804E5-77E6-40F1-9586-F415EE758EF7}.Debug|x86.Deploy.0 = Debug|Any CPU
		{0BF804E5-77E6-40F1-9586-F415EE758EF7}.Release|Any CPU.ActiveCfg = Release|Any CPU
		{0BF804E5-77E6-40F1-9586-F415EE758EF7}.Release|Any CPU.Build.0 = Release|Any CPU
		{0BF804E5-77E6-40F1-9586-F415EE758EF7}.Release|Any CPU.Deploy.0 = Release|Any CPU
		{0BF804E5-77E6-40F1-9586-F415EE758EF7}.Release|ARM.ActiveCfg = Release|Any CPU
		{0BF804E5-77E6-40F1-9586-F415EE758EF7}.Release|ARM.Build.0 = Release|Any CPU
		{0BF804E5-77E6-40F1-9586-F415EE758EF7}.Release|ARM.Deploy.0 = Release|Any CPU
		{0BF804E5-77E6-40F1-9586-F415EE758EF7}.Release|iPhone.ActiveCfg = Release|Any CPU
		{0BF804E5-77E6-40F1-9586-F415EE758EF7}.Release|iPhone.Build.0 = Release|Any CPU
		{0BF804E5-77E6-40F1-9586-F415EE758EF7}.Release|iPhone.Deploy.0 = Release|Any CPU
		{0BF804E5-77E6-40F1-9586-F415EE758EF7}.Release|iPhoneSimulator.ActiveCfg = Release|Any CPU
		{0BF804E5-77E6-40F1-9586-F415EE758EF7}.Release|iPhoneSimulator.Build.0 = Release|Any CPU
		{0BF804E5-77E6-40F1-9586-F415EE758EF7}.Release|iPhoneSimulator.Deploy.0 = Release|Any CPU
		{0BF804E5-77E6-40F1-9586-F415EE758EF7}.Release|x64.ActiveCfg = Release|Any CPU
		{0BF804E5-77E6-40F1-9586-F415EE758EF7}.Release|x64.Build.0 = Release|Any CPU
		{0BF804E5-77E6-40F1-9586-F415EE758EF7}.Release|x64.Deploy.0 = Release|Any CPU
		{0BF804E5-77E6-40F1-9586-F415EE758EF7}.Release|x86.ActiveCfg = Release|Any CPU
		{0BF804E5-77E6-40F1-9586-F415EE758EF7}.Release|x86.Build.0 = Release|Any CPU
		{0BF804E5-77E6-40F1-9586-F415EE758EF7}.Release|x86.Deploy.0 = Release|Any CPU
		{C0BD2DFB-A586-417A-BF1B-1128F19D87DD}.Ad-Hoc|Any CPU.ActiveCfg = Release|x64
		{C0BD2DFB-A586-417A-BF1B-1128F19D87DD}.Ad-Hoc|Any CPU.Build.0 = Release|x64
		{C0BD2DFB-A586-417A-BF1B-1128F19D87DD}.Ad-Hoc|Any CPU.Deploy.0 = Release|x64
		{C0BD2DFB-A586-417A-BF1B-1128F19D87DD}.Ad-Hoc|ARM.ActiveCfg = Release|ARM
		{C0BD2DFB-A586-417A-BF1B-1128F19D87DD}.Ad-Hoc|ARM.Build.0 = Release|ARM
		{C0BD2DFB-A586-417A-BF1B-1128F19D87DD}.Ad-Hoc|ARM.Deploy.0 = Release|ARM
		{C0BD2DFB-A586-417A-BF1B-1128F19D87DD}.Ad-Hoc|iPhone.ActiveCfg = Release|x64
		{C0BD2DFB-A586-417A-BF1B-1128F19D87DD}.Ad-Hoc|iPhone.Build.0 = Release|x64
		{C0BD2DFB-A586-417A-BF1B-1128F19D87DD}.Ad-Hoc|iPhone.Deploy.0 = Release|x64
		{C0BD2DFB-A586-417A-BF1B-1128F19D87DD}.Ad-Hoc|iPhoneSimulator.ActiveCfg = Release|x64
		{C0BD2DFB-A586-417A-BF1B-1128F19D87DD}.Ad-Hoc|iPhoneSimulator.Build.0 = Release|x64
		{C0BD2DFB-A586-417A-BF1B-1128F19D87DD}.Ad-Hoc|iPhoneSimulator.Deploy.0 = Release|x64
		{C0BD2DFB-A586-417A-BF1B-1128F19D87DD}.Ad-Hoc|x64.ActiveCfg = Release|x64
		{C0BD2DFB-A586-417A-BF1B-1128F19D87DD}.Ad-Hoc|x64.Build.0 = Release|x64
		{C0BD2DFB-A586-417A-BF1B-1128F19D87DD}.Ad-Hoc|x64.Deploy.0 = Release|x64
		{C0BD2DFB-A586-417A-BF1B-1128F19D87DD}.Ad-Hoc|x86.ActiveCfg = Release|x86
		{C0BD2DFB-A586-417A-BF1B-1128F19D87DD}.Ad-Hoc|x86.Build.0 = Release|x86
		{C0BD2DFB-A586-417A-BF1B-1128F19D87DD}.Ad-Hoc|x86.Deploy.0 = Release|x86
		{C0BD2DFB-A586-417A-BF1B-1128F19D87DD}.AppStore|Any CPU.ActiveCfg = Release|x64
		{C0BD2DFB-A586-417A-BF1B-1128F19D87DD}.AppStore|Any CPU.Build.0 = Release|x64
		{C0BD2DFB-A586-417A-BF1B-1128F19D87DD}.AppStore|Any CPU.Deploy.0 = Release|x64
		{C0BD2DFB-A586-417A-BF1B-1128F19D87DD}.AppStore|ARM.ActiveCfg = Release|ARM
		{C0BD2DFB-A586-417A-BF1B-1128F19D87DD}.AppStore|ARM.Build.0 = Release|ARM
		{C0BD2DFB-A586-417A-BF1B-1128F19D87DD}.AppStore|ARM.Deploy.0 = Release|ARM
		{C0BD2DFB-A586-417A-BF1B-1128F19D87DD}.AppStore|iPhone.ActiveCfg = Release|x64
		{C0BD2DFB-A586-417A-BF1B-1128F19D87DD}.AppStore|iPhone.Build.0 = Release|x64
		{C0BD2DFB-A586-417A-BF1B-1128F19D87DD}.AppStore|iPhone.Deploy.0 = Release|x64
		{C0BD2DFB-A586-417A-BF1B-1128F19D87DD}.AppStore|iPhoneSimulator.ActiveCfg = Release|x64
		{C0BD2DFB-A586-417A-BF1B-1128F19D87DD}.AppStore|iPhoneSimulator.Build.0 = Release|x64
		{C0BD2DFB-A586-417A-BF1B-1128F19D87DD}.AppStore|iPhoneSimulator.Deploy.0 = Release|x64
		{C0BD2DFB-A586-417A-BF1B-1128F19D87DD}.AppStore|x64.ActiveCfg = Release|x64
		{C0BD2DFB-A586-417A-BF1B-1128F19D87DD}.AppStore|x64.Build.0 = Release|x64
		{C0BD2DFB-A586-417A-BF1B-1128F19D87DD}.AppStore|x64.Deploy.0 = Release|x64
		{C0BD2DFB-A586-417A-BF1B-1128F19D87DD}.AppStore|x86.ActiveCfg = Release|x86
		{C0BD2DFB-A586-417A-BF1B-1128F19D87DD}.AppStore|x86.Build.0 = Release|x86
		{C0BD2DFB-A586-417A-BF1B-1128F19D87DD}.AppStore|x86.Deploy.0 = Release|x86
		{C0BD2DFB-A586-417A-BF1B-1128F19D87DD}.Debug|Any CPU.ActiveCfg = Debug|x86
		{C0BD2DFB-A586-417A-BF1B-1128F19D87DD}.Debug|ARM.ActiveCfg = Debug|ARM
		{C0BD2DFB-A586-417A-BF1B-1128F19D87DD}.Debug|ARM.Build.0 = Debug|ARM
		{C0BD2DFB-A586-417A-BF1B-1128F19D87DD}.Debug|ARM.Deploy.0 = Debug|ARM
		{C0BD2DFB-A586-417A-BF1B-1128F19D87DD}.Debug|iPhone.ActiveCfg = Debug|x86
		{C0BD2DFB-A586-417A-BF1B-1128F19D87DD}.Debug|iPhoneSimulator.ActiveCfg = Debug|x86
		{C0BD2DFB-A586-417A-BF1B-1128F19D87DD}.Debug|x64.ActiveCfg = Debug|x64
		{C0BD2DFB-A586-417A-BF1B-1128F19D87DD}.Debug|x64.Build.0 = Debug|x64
		{C0BD2DFB-A586-417A-BF1B-1128F19D87DD}.Debug|x64.Deploy.0 = Debug|x64
		{C0BD2DFB-A586-417A-BF1B-1128F19D87DD}.Debug|x86.ActiveCfg = Debug|x86
		{C0BD2DFB-A586-417A-BF1B-1128F19D87DD}.Debug|x86.Build.0 = Debug|x86
		{C0BD2DFB-A586-417A-BF1B-1128F19D87DD}.Debug|x86.Deploy.0 = Debug|x86
		{C0BD2DFB-A586-417A-BF1B-1128F19D87DD}.Release|Any CPU.ActiveCfg = Release|x86
		{C0BD2DFB-A586-417A-BF1B-1128F19D87DD}.Release|ARM.ActiveCfg = Release|ARM
		{C0BD2DFB-A586-417A-BF1B-1128F19D87DD}.Release|ARM.Build.0 = Release|ARM
		{C0BD2DFB-A586-417A-BF1B-1128F19D87DD}.Release|ARM.Deploy.0 = Release|ARM
		{C0BD2DFB-A586-417A-BF1B-1128F19D87DD}.Release|iPhone.ActiveCfg = Release|x86
		{C0BD2DFB-A586-417A-BF1B-1128F19D87DD}.Release|iPhoneSimulator.ActiveCfg = Release|x86
		{C0BD2DFB-A586-417A-BF1B-1128F19D87DD}.Release|x64.ActiveCfg = Release|x64
		{C0BD2DFB-A586-417A-BF1B-1128F19D87DD}.Release|x64.Build.0 = Release|x64
		{C0BD2DFB-A586-417A-BF1B-1128F19D87DD}.Release|x64.Deploy.0 = Release|x64
		{C0BD2DFB-A586-417A-BF1B-1128F19D87DD}.Release|x86.ActiveCfg = Release|x86
		{C0BD2DFB-A586-417A-BF1B-1128F19D87DD}.Release|x86.Build.0 = Release|x86
		{C0BD2DFB-A586-417A-BF1B-1128F19D87DD}.Release|x86.Deploy.0 = Release|x86
		{E8EF8230-7122-47DE-B304-15B999690DAD}.Ad-Hoc|Any CPU.ActiveCfg = Release|Any CPU
		{E8EF8230-7122-47DE-B304-15B999690DAD}.Ad-Hoc|Any CPU.Build.0 = Release|Any CPU
		{E8EF8230-7122-47DE-B304-15B999690DAD}.Ad-Hoc|ARM.ActiveCfg = Release|Any CPU
		{E8EF8230-7122-47DE-B304-15B999690DAD}.Ad-Hoc|ARM.Build.0 = Release|Any CPU
		{E8EF8230-7122-47DE-B304-15B999690DAD}.Ad-Hoc|iPhone.ActiveCfg = Release|iPhone
		{E8EF8230-7122-47DE-B304-15B999690DAD}.Ad-Hoc|iPhone.Build.0 = Release|iPhone
		{E8EF8230-7122-47DE-B304-15B999690DAD}.Ad-Hoc|iPhoneSimulator.ActiveCfg = Release|iPhoneSimulator
		{E8EF8230-7122-47DE-B304-15B999690DAD}.Ad-Hoc|iPhoneSimulator.Build.0 = Release|iPhoneSimulator
		{E8EF8230-7122-47DE-B304-15B999690DAD}.Ad-Hoc|x64.ActiveCfg = Release|Any CPU
		{E8EF8230-7122-47DE-B304-15B999690DAD}.Ad-Hoc|x64.Build.0 = Release|Any CPU
		{E8EF8230-7122-47DE-B304-15B999690DAD}.Ad-Hoc|x86.ActiveCfg = Release|Any CPU
		{E8EF8230-7122-47DE-B304-15B999690DAD}.Ad-Hoc|x86.Build.0 = Release|Any CPU
		{E8EF8230-7122-47DE-B304-15B999690DAD}.AppStore|Any CPU.ActiveCfg = Release|Any CPU
		{E8EF8230-7122-47DE-B304-15B999690DAD}.AppStore|Any CPU.Build.0 = Release|Any CPU
		{E8EF8230-7122-47DE-B304-15B999690DAD}.AppStore|ARM.ActiveCfg = Release|Any CPU
		{E8EF8230-7122-47DE-B304-15B999690DAD}.AppStore|ARM.Build.0 = Release|Any CPU
		{E8EF8230-7122-47DE-B304-15B999690DAD}.AppStore|iPhone.ActiveCfg = Release|iPhone
		{E8EF8230-7122-47DE-B304-15B999690DAD}.AppStore|iPhone.Build.0 = Release|iPhone
		{E8EF8230-7122-47DE-B304-15B999690DAD}.AppStore|iPhoneSimulator.ActiveCfg = Release|iPhoneSimulator
		{E8EF8230-7122-47DE-B304-15B999690DAD}.AppStore|iPhoneSimulator.Build.0 = Release|iPhoneSimulator
		{E8EF8230-7122-47DE-B304-15B999690DAD}.AppStore|x64.ActiveCfg = Release|Any CPU
		{E8EF8230-7122-47DE-B304-15B999690DAD}.AppStore|x64.Build.0 = Release|Any CPU
		{E8EF8230-7122-47DE-B304-15B999690DAD}.AppStore|x86.ActiveCfg = Release|Any CPU
		{E8EF8230-7122-47DE-B304-15B999690DAD}.AppStore|x86.Build.0 = Release|Any CPU
		{E8EF8230-7122-47DE-B304-15B999690DAD}.Debug|Any CPU.ActiveCfg = Debug|Any CPU
		{E8EF8230-7122-47DE-B304-15B999690DAD}.Debug|Any CPU.Build.0 = Debug|Any CPU
		{E8EF8230-7122-47DE-B304-15B999690DAD}.Debug|ARM.ActiveCfg = Debug|Any CPU
		{E8EF8230-7122-47DE-B304-15B999690DAD}.Debug|ARM.Build.0 = Debug|Any CPU
		{E8EF8230-7122-47DE-B304-15B999690DAD}.Debug|iPhone.ActiveCfg = Debug|iPhone
		{E8EF8230-7122-47DE-B304-15B999690DAD}.Debug|iPhone.Build.0 = Debug|iPhone
		{E8EF8230-7122-47DE-B304-15B999690DAD}.Debug|iPhoneSimulator.ActiveCfg = Debug|iPhoneSimulator
		{E8EF8230-7122-47DE-B304-15B999690DAD}.Debug|iPhoneSimulator.Build.0 = Debug|iPhoneSimulator
		{E8EF8230-7122-47DE-B304-15B999690DAD}.Debug|x64.ActiveCfg = Debug|Any CPU
		{E8EF8230-7122-47DE-B304-15B999690DAD}.Debug|x64.Build.0 = Debug|Any CPU
		{E8EF8230-7122-47DE-B304-15B999690DAD}.Debug|x86.ActiveCfg = Debug|Any CPU
		{E8EF8230-7122-47DE-B304-15B999690DAD}.Debug|x86.Build.0 = Debug|Any CPU
		{E8EF8230-7122-47DE-B304-15B999690DAD}.Release|Any CPU.ActiveCfg = Release|Any CPU
		{E8EF8230-7122-47DE-B304-15B999690DAD}.Release|Any CPU.Build.0 = Release|Any CPU
		{E8EF8230-7122-47DE-B304-15B999690DAD}.Release|ARM.ActiveCfg = Release|Any CPU
		{E8EF8230-7122-47DE-B304-15B999690DAD}.Release|ARM.Build.0 = Release|Any CPU
		{E8EF8230-7122-47DE-B304-15B999690DAD}.Release|iPhone.ActiveCfg = Release|iPhone
		{E8EF8230-7122-47DE-B304-15B999690DAD}.Release|iPhone.Build.0 = Release|iPhone
		{E8EF8230-7122-47DE-B304-15B999690DAD}.Release|iPhoneSimulator.ActiveCfg = Release|iPhoneSimulator
		{E8EF8230-7122-47DE-B304-15B999690DAD}.Release|iPhoneSimulator.Build.0 = Release|iPhoneSimulator
		{E8EF8230-7122-47DE-B304-15B999690DAD}.Release|x64.ActiveCfg = Release|Any CPU
		{E8EF8230-7122-47DE-B304-15B999690DAD}.Release|x64.Build.0 = Release|Any CPU
		{E8EF8230-7122-47DE-B304-15B999690DAD}.Release|x86.ActiveCfg = Release|Any CPU
		{E8EF8230-7122-47DE-B304-15B999690DAD}.Release|x86.Build.0 = Release|Any CPU
	EndGlobalSection
	GlobalSection(SolutionProperties) = preSolution
		HideSolutionNode = FALSE
	EndGlobalSection
	GlobalSection(ExtensibilityGlobals) = postSolution
		SolutionGuid = {4F1FE526-8E32-4D62-8E3A-0D0AA3CFCFC5}
	EndGlobalSection
EndGlobal
